
Microsoft Visual Studio Solution File, Format Version 12.00
# Visual Studio Version 17
VisualStudioVersion = 17.0.31903.59
MinimumVisualStudioVersion = 10.0.40219.1
Project("{FAE04EC0-301F-11D3-BF4B-00C04F79EFBC}") = "Budget.Web", "src\Budget.Web\Budget.Web\Budget.Web.csproj", "{74FEDE0A-29A6-4F74-B7B7-7F12F03932C8}"
EndProject
Project("{FAE04EC0-301F-11D3-BF4B-00C04F79EFBC}") = "Budget.Infra", "src\Budget.Infra\Budget.Infra\Budget.Infra.csproj", "{D92352EB-5DCF-4516-BCFE-B74783D8EE1C}"
EndProject
Project("{FAE04EC0-301F-11D3-BF4B-00C04F79EFBC}") = "Budget.Application", "src\Budget.Application\Budget.Application\Budget.Application.csproj", "{B0EEC4BD-AD0F-4191-AFD9-AC94FA341410}"
EndProject
Project("{FAE04EC0-301F-11D3-BF4B-00C04F79EFBC}") = "Budget.Core", "src\Budget.Core\Budget.Core\Budget.Core.csproj", "{0C3DDFB5-D29C-400D-BDE1-81D72F3AD7EC}"
EndProject
Global
	GlobalSection(SolutionConfigurationPlatforms) = preSolution
		Debug|Any CPU = Debug|Any CPU
		Release|Any CPU = Release|Any CPU
	EndGlobalSection
	GlobalSection(ProjectConfigurationPlatforms) = postSolution
		{74FEDE0A-29A6-4F74-B7B7-7F12F03932C8}.Debug|Any CPU.ActiveCfg = Debug|Any CPU
		{74FEDE0A-29A6-4F74-B7B7-7F12F03932C8}.Debug|Any CPU.Build.0 = Debug|Any CPU
		{74FEDE0A-29A6-4F74-B7B7-7F12F03932C8}.Release|Any CPU.ActiveCfg = Release|Any CPU
		{74FEDE0A-29A6-4F74-B7B7-7F12F03932C8}.Release|Any CPU.Build.0 = Release|Any CPU
		{D92352EB-5DCF-4516-BCFE-B74783D8EE1C}.Debug|Any CPU.ActiveCfg = Debug|Any CPU
		{D92352EB-5DCF-4516-BCFE-B74783D8EE1C}.Debug|Any CPU.Build.0 = Debug|Any CPU
		{D92352EB-5DCF-4516-BCFE-B74783D8EE1C}.Release|Any CPU.ActiveCfg = Release|Any CPU
		{D92352EB-5DCF-4516-BCFE-B74783D8EE1C}.Release|Any CPU.Build.0 = Release|Any CPU
		{B0EEC4BD-AD0F-4191-AFD9-AC94FA341410}.Debug|Any CPU.ActiveCfg = Debug|Any CPU
		{B0EEC4BD-AD0F-4191-AFD9-AC94FA341410}.Debug|Any CPU.Build.0 = Debug|Any CPU
		{B0EEC4BD-AD0F-4191-AFD9-AC94FA341410}.Release|Any CPU.ActiveCfg = Release|Any CPU
		{B0EEC4BD-AD0F-4191-AFD9-AC94FA341410}.Release|Any CPU.Build.0 = Release|Any CPU
		{0C3DDFB5-D29C-400D-BDE1-81D72F3AD7EC}.Debug|Any CPU.ActiveCfg = Debug|Any CPU
		{0C3DDFB5-D29C-400D-BDE1-81D72F3AD7EC}.Debug|Any CPU.Build.0 = Debug|Any CPU
		{0C3DDFB5-D29C-400D-BDE1-81D72F3AD7EC}.Release|Any CPU.ActiveCfg = Release|Any CPU
		{0C3DDFB5-D29C-400D-BDE1-81D72F3AD7EC}.Release|Any CPU.Build.0 = Release|Any CPU
	EndGlobalSection
	GlobalSection(SolutionProperties) = preSolution
		HideSolutionNode = FALSE
	EndGlobalSection
	GlobalSection(ExtensibilityGlobals) = postSolution
		SolutionGuid = {0C14072A-353E-42B6-934B-DFC544CBF4F9}
	EndGlobalSection
EndGlobal
